// !$*UTF8*$!
{
	archiveVersion = 1;
	classes = {
	};
	objectVersion = 55;
	objects = {

/* Begin PBXBuildFile section */
		70319A2D28838AFF009CB227 /* main.cpp in Sources */ = {isa = PBXBuildFile; fileRef = 70319A2C28838AFF009CB227 /* main.cpp */; };
		7039005128B97F0200AAEFFC /* TreeEval.cpp in Sources */ = {isa = PBXBuildFile; fileRef = 7039004F28B97F0200AAEFFC /* TreeEval.cpp */; };
		70C784A928B6C94200117F6E /* Parser.cpp in Sources */ = {isa = PBXBuildFile; fileRef = 70C784A728B6C94200117F6E /* Parser.cpp */; };
		70ED3207291023DF00ECA548 /* Natives.cpp in Sources */ = {isa = PBXBuildFile; fileRef = 70ED3205291023DF00ECA548 /* Natives.cpp */; };
		70FABCC228AD776800CD5CC5 /* Token.cpp in Sources */ = {isa = PBXBuildFile; fileRef = 70FABCC128AD776800CD5CC5 /* Token.cpp */; };
/* End PBXBuildFile section */

/* Begin PBXCopyFilesBuildPhase section */
		70319A2728838AFF009CB227 /* CopyFiles */ = {
			isa = PBXCopyFilesBuildPhase;
			buildActionMask = 2147483647;
			dstPath = /usr/share/man/man1/;
			dstSubfolderSpec = 0;
			files = (
			);
			runOnlyForDeploymentPostprocessing = 1;
		};
/* End PBXCopyFilesBuildPhase section */

/* Begin PBXFileReference section */
		7012E4C628AC55AB005D3439 /* Expr.h */ = {isa = PBXFileReference; lastKnownFileType = sourcecode.c.h; path = Expr.h; sourceTree = "<group>"; };
		7012F2AA290F29420043B3E0 /* ValueHelpers.h */ = {isa = PBXFileReference; lastKnownFileType = sourcecode.c.h; path = ValueHelpers.h; sourceTree = "<group>"; };
		702DB83528C587CB00D46E09 /* Environment.h */ = {isa = PBXFileReference; lastKnownFileType = sourcecode.c.h; path = Environment.h; sourceTree = "<group>"; };
		702DB83628C589F600D46E09 /* RuntimeError.h */ = {isa = PBXFileReference; lastKnownFileType = sourcecode.c.h; path = RuntimeError.h; sourceTree = "<group>"; };
		70319A2928838AFF009CB227 /* tlox */ = {isa = PBXFileReference; explicitFileType = "compiled.mach-o.executable"; includeInIndex = 0; path = tlox; sourceTree = BUILT_PRODUCTS_DIR; };
		70319A2C28838AFF009CB227 /* main.cpp */ = {isa = PBXFileReference; lastKnownFileType = sourcecode.cpp.cpp; path = main.cpp; sourceTree = "<group>"; };
		7039004F28B97F0200AAEFFC /* TreeEval.cpp */ = {isa = PBXFileReference; lastKnownFileType = sourcecode.cpp.cpp; path = TreeEval.cpp; sourceTree = "<group>"; };
		7039005028B97F0200AAEFFC /* TreeEval.h */ = {isa = PBXFileReference; lastKnownFileType = sourcecode.c.h; path = TreeEval.h; sourceTree = "<group>"; };
		7091B7C528DE5DEE00C10F60 /* Callable.h */ = {isa = PBXFileReference; lastKnownFileType = sourcecode.c.h; path = Callable.h; sourceTree = "<group>"; };
		7095418028BA8CF800AFC6EB /* Value.h */ = {isa = PBXFileReference; lastKnownFileType = sourcecode.c.h; path = Value.h; sourceTree = "<group>"; };
		70C22CED28C51C6B00AF622A /* Stmt.h */ = {isa = PBXFileReference; fileEncoding = 4; lastKnownFileType = sourcecode.c.h; path = Stmt.h; sourceTree = "<group>"; };
		70C784A728B6C94200117F6E /* Parser.cpp */ = {isa = PBXFileReference; lastKnownFileType = sourcecode.cpp.cpp; path = Parser.cpp; sourceTree = "<group>"; };
		70C784AA28B6D8D200117F6E /* Parser.h */ = {isa = PBXFileReference; fileEncoding = 4; lastKnownFileType = sourcecode.c.h; path = Parser.h; sourceTree = "<group>"; };
		70D73404288F407800725BFD /* Scanner.h */ = {isa = PBXFileReference; lastKnownFileType = sourcecode.c.h; path = Scanner.h; sourceTree = "<group>"; };
		70D73405288F410B00725BFD /* Token.h */ = {isa = PBXFileReference; lastKnownFileType = sourcecode.c.h; path = Token.h; sourceTree = "<group>"; };
		70ED3205291023DF00ECA548 /* Natives.cpp */ = {isa = PBXFileReference; fileEncoding = 4; lastKnownFileType = sourcecode.cpp.cpp; path = Natives.cpp; sourceTree = "<group>"; };
		70ED3206291023DF00ECA548 /* Natives.h */ = {isa = PBXFileReference; fileEncoding = 4; lastKnownFileType = sourcecode.c.h; path = Natives.h; sourceTree = "<group>"; };
		70FABCC128AD776800CD5CC5 /* Token.cpp */ = {isa = PBXFileReference; lastKnownFileType = sourcecode.cpp.cpp; path = Token.cpp; sourceTree = "<group>"; };
/* End PBXFileReference section */

/* Begin PBXFrameworksBuildPhase section */
		70319A2628838AFF009CB227 /* Frameworks */ = {
			isa = PBXFrameworksBuildPhase;
			buildActionMask = 2147483647;
			files = (
			);
			runOnlyForDeploymentPostprocessing = 0;
		};
/* End PBXFrameworksBuildPhase section */

/* Begin PBXGroup section */
		70319A2028838AFF009CB227 = {
			isa = PBXGroup;
			children = (
				70319A2B28838AFF009CB227 /* tlox */,
				70319A2A28838AFF009CB227 /* Products */,
			);
			sourceTree = "<group>";
		};
		70319A2A28838AFF009CB227 /* Products */ = {
			isa = PBXGroup;
			children = (
				70319A2928838AFF009CB227 /* tlox */,
			);
			name = Products;
			sourceTree = "<group>";
		};
		70319A2B28838AFF009CB227 /* tlox */ = {
			isa = PBXGroup;
			children = (
				70ED3205291023DF00ECA548 /* Natives.cpp */,
				70ED3206291023DF00ECA548 /* Natives.h */,
				70C22CED28C51C6B00AF622A /* Stmt.h */,
				70C784AA28B6D8D200117F6E /* Parser.h */,
				70319A2C28838AFF009CB227 /* main.cpp */,
				70D73404288F407800725BFD /* Scanner.h */,
				70D73405288F410B00725BFD /* Token.h */,
				70FABCC128AD776800CD5CC5 /* Token.cpp */,
				7012E4C628AC55AB005D3439 /* Expr.h */,
				70C784A728B6C94200117F6E /* Parser.cpp */,
				7039004F28B97F0200AAEFFC /* TreeEval.cpp */,
				7039005028B97F0200AAEFFC /* TreeEval.h */,
				7095418028BA8CF800AFC6EB /* Value.h */,
				7012F2AA290F29420043B3E0 /* ValueHelpers.h */,
				702DB83528C587CB00D46E09 /* Environment.h */,
				702DB83628C589F600D46E09 /* RuntimeError.h */,
				7091B7C528DE5DEE00C10F60 /* Callable.h */,
			);
			path = tlox;
			sourceTree = "<group>";
		};
/* End PBXGroup section */

/* Begin PBXNativeTarget section */
		70319A2828838AFF009CB227 /* tlox */ = {
			isa = PBXNativeTarget;
			buildConfigurationList = 70319A3028838AFF009CB227 /* Build configuration list for PBXNativeTarget "tlox" */;
			buildPhases = (
				70319A2528838AFF009CB227 /* Sources */,
				70319A2628838AFF009CB227 /* Frameworks */,
				70319A2728838AFF009CB227 /* CopyFiles */,
			);
			buildRules = (
			);
			dependencies = (
			);
			name = tlox;
			productName = tlox;
			productReference = 70319A2928838AFF009CB227 /* tlox */;
			productType = "com.apple.product-type.tool";
		};
/* End PBXNativeTarget section */

/* Begin PBXProject section */
		70319A2128838AFF009CB227 /* Project object */ = {
			isa = PBXProject;
			attributes = {
				BuildIndependentTargetsInParallel = 1;
				LastUpgradeCheck = 1340;
				TargetAttributes = {
					70319A2828838AFF009CB227 = {
						CreatedOnToolsVersion = 13.4.1;
					};
				};
			};
			buildConfigurationList = 70319A2428838AFF009CB227 /* Build configuration list for PBXProject "tlox" */;
			compatibilityVersion = "Xcode 13.0";
			developmentRegion = en;
			hasScannedForEncodings = 0;
			knownRegions = (
				en,
				Base,
			);
			mainGroup = 70319A2028838AFF009CB227;
			productRefGroup = 70319A2A28838AFF009CB227 /* Products */;
			projectDirPath = "";
			projectRoot = "";
			targets = (
				70319A2828838AFF009CB227 /* tlox */,
			);
		};
/* End PBXProject section */

/* Begin PBXSourcesBuildPhase section */
		70319A2528838AFF009CB227 /* Sources */ = {
			isa = PBXSourcesBuildPhase;
			buildActionMask = 2147483647;
			files = (
				70C784A928B6C94200117F6E /* Parser.cpp in Sources */,
				70ED3207291023DF00ECA548 /* Natives.cpp in Sources */,
				70FABCC228AD776800CD5CC5 /* Token.cpp in Sources */,
				70319A2D28838AFF009CB227 /* main.cpp in Sources */,
				7039005128B97F0200AAEFFC /* TreeEval.cpp in Sources */,
			);
			runOnlyForDeploymentPostprocessing = 0;
		};
/* End PBXSourcesBuildPhase section */

/* Begin XCBuildConfiguration section */
		70319A2E28838AFF009CB227 /* Debug */ = {
			isa = XCBuildConfiguration;
			buildSettings = {
				ALWAYS_SEARCH_USER_PATHS = NO;
				CLANG_ANALYZER_NONNULL = YES;
				CLANG_ANALYZER_NUMBER_OBJECT_CONVERSION = YES_AGGRESSIVE;
				CLANG_CXX_LANGUAGE_STANDARD = "gnu++17";
				CLANG_ENABLE_MODULES = YES;
				CLANG_ENABLE_OBJC_ARC = YES;
				CLANG_ENABLE_OBJC_WEAK = YES;
				CLANG_WARN_BLOCK_CAPTURE_AUTORELEASING = YES;
				CLANG_WARN_BOOL_CONVERSION = YES;
				CLANG_WARN_COMMA = YES;
				CLANG_WARN_CONSTANT_CONVERSION = YES;
				CLANG_WARN_DEPRECATED_OBJC_IMPLEMENTATIONS = YES;
				CLANG_WARN_DIRECT_OBJC_ISA_USAGE = YES_ERROR;
				CLANG_WARN_DOCUMENTATION_COMMENTS = YES;
				CLANG_WARN_EMPTY_BODY = YES;
				CLANG_WARN_ENUM_CONVERSION = YES;
				CLANG_WARN_INFINITE_RECURSION = YES;
				CLANG_WARN_INT_CONVERSION = YES;
				CLANG_WARN_NON_LITERAL_NULL_CONVERSION = YES;
				CLANG_WARN_OBJC_IMPLICIT_RETAIN_SELF = YES;
				CLANG_WARN_OBJC_LITERAL_CONVERSION = YES;
				CLANG_WARN_OBJC_ROOT_CLASS = YES_ERROR;
				CLANG_WARN_QUOTED_INCLUDE_IN_FRAMEWORK_HEADER = YES;
				CLANG_WARN_RANGE_LOOP_ANALYSIS = YES;
				CLANG_WARN_STRICT_PROTOTYPES = YES;
				CLANG_WARN_SUSPICIOUS_MOVE = YES;
				CLANG_WARN_UNGUARDED_AVAILABILITY = YES_AGGRESSIVE;
				CLANG_WARN_UNREACHABLE_CODE = YES;
				CLANG_WARN__DUPLICATE_METHOD_MATCH = YES;
				COPY_PHASE_STRIP = NO;
				DEBUG_INFORMATION_FORMAT = dwarf;
				ENABLE_STRICT_OBJC_MSGSEND = YES;
				ENABLE_TESTABILITY = YES;
				GCC_C_LANGUAGE_STANDARD = gnu11;
				GCC_DYNAMIC_NO_PIC = NO;
				GCC_NO_COMMON_BLOCKS = YES;
				GCC_OPTIMIZATION_LEVEL = 0;
				GCC_PREPROCESSOR_DEFINITIONS = (
					"DEBUG=1",
					"$(inherited)",
				);
				GCC_WARN_64_TO_32_BIT_CONVERSION = YES;
				GCC_WARN_ABOUT_RETURN_TYPE = YES_ERROR;
				GCC_WARN_UNDECLARED_SELECTOR = YES;
				GCC_WARN_UNINITIALIZED_AUTOS = YES_AGGRESSIVE;
				GCC_WARN_UNUSED_FUNCTION = YES;
				GCC_WARN_UNUSED_VARIABLE = YES;
				MACOSX_DEPLOYMENT_TARGET = 12.3;
				MTL_ENABLE_DEBUG_INFO = INCLUDE_SOURCE;
				MTL_FAST_MATH = YES;
				ONLY_ACTIVE_ARCH = YES;
				SDKROOT = macosx;
			};
			name = Debug;
		};
		70319A2F28838AFF009CB227 /* Release */ = {
			isa = XCBuildConfiguration;
			buildSettings = {
				ALWAYS_SEARCH_USER_PATHS = NO;
				CLANG_ANALYZER_NONNULL = YES;
				CLANG_ANALYZER_NUMBER_OBJECT_CONVERSION = YES_AGGRESSIVE;
				CLANG_CXX_LANGUAGE_STANDARD = "gnu++17";
				CLANG_ENABLE_MODULES = YES;
				CLANG_ENABLE_OBJC_ARC = YES;
				CLANG_ENABLE_OBJC_WEAK = YES;
				CLANG_WARN_BLOCK_CAPTURE_AUTORELEASING = YES;
				CLANG_WARN_BOOL_CONVERSION = YES;
				CLANG_WARN_COMMA = YES;
				CLANG_WARN_CONSTANT_CONVERSION = YES;
				CLANG_WARN_DEPRECATED_OBJC_IMPLEMENTATIONS = YES;
				CLANG_WARN_DIRECT_OBJC_ISA_USAGE = YES_ERROR;
				CLANG_WARN_DOCUMENTATION_COMMENTS = YES;
				CLANG_WARN_EMPTY_BODY = YES;
				CLANG_WARN_ENUM_CONVERSION = YES;
				CLANG_WARN_INFINITE_RECURSION = YES;
				CLANG_WARN_INT_CONVERSION = YES;
				CLANG_WARN_NON_LITERAL_NULL_CONVERSION = YES;
				CLANG_WARN_OBJC_IMPLICIT_RETAIN_SELF = YES;
				CLANG_WARN_OBJC_LITERAL_CONVERSION = YES;
				CLANG_WARN_OBJC_ROOT_CLASS = YES_ERROR;
				CLANG_WARN_QUOTED_INCLUDE_IN_FRAMEWORK_HEADER = YES;
				CLANG_WARN_RANGE_LOOP_ANALYSIS = YES;
				CLANG_WARN_STRICT_PROTOTYPES = YES;
				CLANG_WARN_SUSPICIOUS_MOVE = YES;
				CLANG_WARN_UNGUARDED_AVAILABILITY = YES_AGGRESSIVE;
				CLANG_WARN_UNREACHABLE_CODE = YES;
				CLANG_WARN__DUPLICATE_METHOD_MATCH = YES;
				COPY_PHASE_STRIP = NO;
				DEBUG_INFORMATION_FORMAT = "dwarf-with-dsym";
				ENABLE_NS_ASSERTIONS = NO;
				ENABLE_STRICT_OBJC_MSGSEND = YES;
				GCC_C_LANGUAGE_STANDARD = gnu11;
				GCC_NO_COMMON_BLOCKS = YES;
				GCC_WARN_64_TO_32_BIT_CONVERSION = YES;
				GCC_WARN_ABOUT_RETURN_TYPE = YES_ERROR;
				GCC_WARN_UNDECLARED_SELECTOR = YES;
				GCC_WARN_UNINITIALIZED_AUTOS = YES_AGGRESSIVE;
				GCC_WARN_UNUSED_FUNCTION = YES;
				GCC_WARN_UNUSED_VARIABLE = YES;
				MACOSX_DEPLOYMENT_TARGET = 12.3;
				MTL_ENABLE_DEBUG_INFO = NO;
				MTL_FAST_MATH = YES;
				SDKROOT = macosx;
			};
			name = Release;
		};
		70319A3128838AFF009CB227 /* Debug */ = {
			isa = XCBuildConfiguration;
			buildSettings = {
				CODE_SIGN_STYLE = Automatic;
				PRODUCT_NAME = "$(TARGET_NAME)";
			};
			name = Debug;
		};
		70319A3228838AFF009CB227 /* Release */ = {
			isa = XCBuildConfiguration;
			buildSettings = {
				CODE_SIGN_STYLE = Automatic;
				PRODUCT_NAME = "$(TARGET_NAME)";
			};
			name = Release;
		};
/* End XCBuildConfiguration section */

/* Begin XCConfigurationList section */
		70319A2428838AFF009CB227 /* Build configuration list for PBXProject "tlox" */ = {
			isa = XCConfigurationList;
			buildConfigurations = (
				70319A2E28838AFF009CB227 /* Debug */,
				70319A2F28838AFF009CB227 /* Release */,
			);
			defaultConfigurationIsVisible = 0;
			defaultConfigurationName = Release;
		};
		70319A3028838AFF009CB227 /* Build configuration list for PBXNativeTarget "tlox" */ = {
			isa = XCConfigurationList;
			buildConfigurations = (
				70319A3128838AFF009CB227 /* Debug */,
				70319A3228838AFF009CB227 /* Release */,
			);
			defaultConfigurationIsVisible = 0;
			defaultConfigurationName = Release;
		};
/* End XCConfigurationList section */
	};
	rootObject = 70319A2128838AFF009CB227 /* Project object */;
}
